
Microsoft Visual Studio Solution File, Format Version 12.00
# Visual Studio 15
VisualStudioVersion = 15.0.27703.2018
MinimumVisualStudioVersion = 10.0.40219.1
Project("{8BC9CEB8-8B4A-11D0-8D11-00A0C91BC942}") = "DataTypes", "challenge2\challenge2.vcxproj", "{2E8C438B-7E3E-4E6B-8C11-54C253E7F39C}"
EndProject
Project("{8BC9CEB8-8B4A-11D0-8D11-00A0C91BC942}") = "Operators", "Operators\Operators.vcxproj", "{9464C21C-63B1-438E-856C-FF2972768CD5}"
EndProject
Global
	GlobalSection(SolutionConfigurationPlatforms) = preSolution
		Debug|x64 = Debug|x64
		Debug|x86 = Debug|x86
		Release|x64 = Release|x64
		Release|x86 = Release|x86
	EndGlobalSection
	GlobalSection(ProjectConfigurationPlatforms) = postSolution
		{2E8C438B-7E3E-4E6B-8C11-54C253E7F39C}.Debug|x64.ActiveCfg = Debug|x64
		{2E8C438B-7E3E-4E6B-8C11-54C253E7F39C}.Debug|x64.Build.0 = Debug|x64
		{2E8C438B-7E3E-4E6B-8C11-54C253E7F39C}.Debug|x86.ActiveCfg = Debug|Win32
		{2E8C438B-7E3E-4E6B-8C11-54C253E7F39C}.Debug|x86.Build.0 = Debug|Win32
		{2E8C438B-7E3E-4E6B-8C11-54C253E7F39C}.Release|x64.ActiveCfg = Release|x64
		{2E8C438B-7E3E-4E6B-8C11-54C253E7F39C}.Release|x64.Build.0 = Release|x64
		{2E8C438B-7E3E-4E6B-8C11-54C253E7F39C}.Release|x86.ActiveCfg = Release|Win32
		{2E8C438B-7E3E-4E6B-8C11-54C253E7F39C}.Release|x86.Build.0 = Release|Win32
		{9464C21C-63B1-438E-856C-FF2972768CD5}.Debug|x64.ActiveCfg = Debug|x64
		{9464C21C-63B1-438E-856C-FF2972768CD5}.Debug|x64.Build.0 = Debug|x64
		{9464C21C-63B1-438E-856C-FF2972768CD5}.Debug|x86.ActiveCfg = Debug|Win32
		{9464C21C-63B1-438E-856C-FF2972768CD5}.Debug|x86.Build.0 = Debug|Win32
		{9464C21C-63B1-438E-856C-FF2972768CD5}.Release|x64.ActiveCfg = Release|x64
		{9464C21C-63B1-438E-856C-FF2972768CD5}.Release|x64.Build.0 = Release|x64
		{9464C21C-63B1-438E-856C-FF2972768CD5}.Release|x86.ActiveCfg = Release|Win32
		{9464C21C-63B1-438E-856C-FF2972768CD5}.Release|x86.Build.0 = Release|Win32
	EndGlobalSection
	GlobalSection(SolutionProperties) = preSolution
		HideSolutionNode = FALSE
	EndGlobalSection
	GlobalSection(ExtensibilityGlobals) = postSolution
		SolutionGuid = {6BAD84B0-FF4A-44FF-9269-79366449FF85}
	EndGlobalSection
EndGlobal
